<?xml version="1.0" encoding="utf-8"?>
<Project ToolsVersion="4.0" xmlns="http://schemas.microsoft.com/developer/msbuild/2003">
  <ItemGroup>
    <Filter Include="src">
      <UniqueIdentifier>{ca651d34-4b62-410b-bc28-80a06eec8da6}</UniqueIdentifier>
    </Filter>
    <Filter Include="utils">
      <UniqueIdentifier>{1ea95c20-1899-4500-8fcb-b724473987cf}</UniqueIdentifier>
    </Filter>
  </ItemGroup>
  <ItemGroup>
    <ClCompile Include="Experiment.cpp">
      <Filter>src</Filter>
    </ClCompile>
    <ClCompile Include="BaseApp.cpp">
      <Filter>src</Filter>
    </ClCompile>
    <ClCompile Include="utils\VKUtility.cpp">
      <Filter>utils</Filter>
    </ClCompile>
    <ClCompile Include="utils\Colors.cpp">
      <Filter>utils</Filter>
    </ClCompile>
    <ClCompile Include="utils\Utility.cpp">
      <Filter>utils</Filter>
    </ClCompile>
  </ItemGroup>
  <ItemGroup>
    <ClInclude Include="BaseApp.h">
      <Filter>src</Filter>
    </ClInclude>
    <ClInclude Include="utils\CommonHeaders.h">
      <Filter>utils</Filter>
    </ClInclude>
    <ClInclude Include="utils\VKUtility.h">
      <Filter>utils</Filter>
    </ClInclude>
    <ClInclude Include="utils\bezier.h">
      <Filter>utils</Filter>
    </ClInclude>
    <ClInclude Include="utils\Colors.h">
      <Filter>utils</Filter>
    </ClInclude>
    <ClInclude Include="utils\stb_image.h">
      <Filter>utils</Filter>
    </ClInclude>
    <ClInclude Include="utils\Utility.h">
      <Filter>utils</Filter>
    </ClInclude>
  </ItemGroup>
</Project>